
Microsoft Visual Studio Solution File, Format Version 12.00
# Visual Studio Version 17
VisualStudioVersion = 17.0.31903.59
MinimumVisualStudioVersion = 10.0.40219.1
Project("{2150E333-8FDC-42A3-9474-1A3956D46DE8}") = "src", "src", "{E6B3EACF-064F-40BF-A11C-9730AE3BF246}"
EndProject
Project("{FAE04EC0-301F-11D3-BF4B-00C04F79EFBC}") = "Domain", "src\Domain\Domain.csproj", "{319C7FB4-9305-47FE-A681-B651B3F1DD48}"
EndProject
Project("{FAE04EC0-301F-11D3-BF4B-00C04F79EFBC}") = "Application", "src\Application\Application.csproj", "{290A7BE8-8CB5-4AA3-B147-19BBA5CDEFEE}"
EndProject
Global
	GlobalSection(SolutionConfigurationPlatforms) = preSolution
		Debug|Any CPU = Debug|Any CPU
		Release|Any CPU = Release|Any CPU
	EndGlobalSection
	GlobalSection(SolutionProperties) = preSolution
		HideSolutionNode = FALSE
	EndGlobalSection
	GlobalSection(ProjectConfigurationPlatforms) = postSolution
		{319C7FB4-9305-47FE-A681-B651B3F1DD48}.Debug|Any CPU.ActiveCfg = Debug|Any CPU
		{319C7FB4-9305-47FE-A681-B651B3F1DD48}.Debug|Any CPU.Build.0 = Debug|Any CPU
		{319C7FB4-9305-47FE-A681-B651B3F1DD48}.Release|Any CPU.ActiveCfg = Release|Any CPU
		{319C7FB4-9305-47FE-A681-B651B3F1DD48}.Release|Any CPU.Build.0 = Release|Any CPU
		{290A7BE8-8CB5-4AA3-B147-19BBA5CDEFEE}.Debug|Any CPU.ActiveCfg = Debug|Any CPU
		{290A7BE8-8CB5-4AA3-B147-19BBA5CDEFEE}.Debug|Any CPU.Build.0 = Debug|Any CPU
		{290A7BE8-8CB5-4AA3-B147-19BBA5CDEFEE}.Release|Any CPU.ActiveCfg = Release|Any CPU
		{290A7BE8-8CB5-4AA3-B147-19BBA5CDEFEE}.Release|Any CPU.Build.0 = Release|Any CPU
	EndGlobalSection
	GlobalSection(NestedProjects) = preSolution
		{319C7FB4-9305-47FE-A681-B651B3F1DD48} = {E6B3EACF-064F-40BF-A11C-9730AE3BF246}
		{290A7BE8-8CB5-4AA3-B147-19BBA5CDEFEE} = {E6B3EACF-064F-40BF-A11C-9730AE3BF246}
	EndGlobalSection
EndGlobal
